
Microsoft Visual Studio Solution File, Format Version 12.00
# Visual Studio 14
VisualStudioVersion = 14.0.25420.1
MinimumVisualStudioVersion = 10.0.40219.1
Project("{FAE04EC0-301F-11D3-BF4B-00C04F79EFBC}") = "Goldbach", "Goldbach\Goldbach.csproj", "{654BB0D6-543C-464F-A051-90E0B4D0CC12}"
EndProject
Project("{FAE04EC0-301F-11D3-BF4B-00C04F79EFBC}") = "Goldbach.Data", "Data\Goldbach.Data.csproj", "{FA29D2E5-E825-48C2-A7E4-CFF60BCDB1ED}"
EndProject
Project("{FAE04EC0-301F-11D3-BF4B-00C04F79EFBC}") = "Goldbach.UnitTests", "UnitTests\Goldbach.UnitTests.csproj", "{FE2A8F72-F4A9-4D33-A897-653038C08339}"
EndProject
Global
	GlobalSection(SolutionConfigurationPlatforms) = preSolution
		Debug|Any CPU = Debug|Any CPU
		Release|Any CPU = Release|Any CPU
	EndGlobalSection
	GlobalSection(ProjectConfigurationPlatforms) = postSolution
		{654BB0D6-543C-464F-A051-90E0B4D0CC12}.Debug|Any CPU.ActiveCfg = Debug|Any CPU
		{654BB0D6-543C-464F-A051-90E0B4D0CC12}.Debug|Any CPU.Build.0 = Debug|Any CPU
		{654BB0D6-543C-464F-A051-90E0B4D0CC12}.Release|Any CPU.ActiveCfg = Release|Any CPU
		{654BB0D6-543C-464F-A051-90E0B4D0CC12}.Release|Any CPU.Build.0 = Release|Any CPU
		{FA29D2E5-E825-48C2-A7E4-CFF60BCDB1ED}.Debug|Any CPU.ActiveCfg = Debug|Any CPU
		{FA29D2E5-E825-48C2-A7E4-CFF60BCDB1ED}.Debug|Any CPU.Build.0 = Debug|Any CPU
		{FA29D2E5-E825-48C2-A7E4-CFF60BCDB1ED}.Release|Any CPU.ActiveCfg = Release|Any CPU
		{FA29D2E5-E825-48C2-A7E4-CFF60BCDB1ED}.Release|Any CPU.Build.0 = Release|Any CPU
		{FE2A8F72-F4A9-4D33-A897-653038C08339}.Debug|Any CPU.ActiveCfg = Debug|Any CPU
		{FE2A8F72-F4A9-4D33-A897-653038C08339}.Debug|Any CPU.Build.0 = Debug|Any CPU
		{FE2A8F72-F4A9-4D33-A897-653038C08339}.Release|Any CPU.ActiveCfg = Release|Any CPU
		{FE2A8F72-F4A9-4D33-A897-653038C08339}.Release|Any CPU.Build.0 = Release|Any CPU
	EndGlobalSection
	GlobalSection(SolutionProperties) = preSolution
		HideSolutionNode = FALSE
	EndGlobalSection
EndGlobal
